// !$*UTF8*$!
{
	archiveVersion = 1;
	classes = {
	};
	objectVersion = 55;
	objects = {

/* Begin PBXBuildFile section */
		3FC2A65B282B16EF006B985A /* AppDelegate.swift in Sources */ = {isa = PBXBuildFile; fileRef = 3FC2A65A282B16EF006B985A /* AppDelegate.swift */; };
		3FC2A65D282B16EF006B985A /* SceneDelegate.swift in Sources */ = {isa = PBXBuildFile; fileRef = 3FC2A65C282B16EF006B985A /* SceneDelegate.swift */; };
		3FC2A65F282B16EF006B985A /* ViewController.swift in Sources */ = {isa = PBXBuildFile; fileRef = 3FC2A65E282B16EF006B985A /* ViewController.swift */; };
		3FC2A662282B16EF006B985A /* Main.storyboard in Resources */ = {isa = PBXBuildFile; fileRef = 3FC2A660282B16EF006B985A /* Main.storyboard */; };
		3FC2A664282B16F1006B985A /* Assets.xcassets in Resources */ = {isa = PBXBuildFile; fileRef = 3FC2A663282B16F1006B985A /* Assets.xcassets */; };
		3FC2A667282B16F1006B985A /* LaunchScreen.storyboard in Resources */ = {isa = PBXBuildFile; fileRef = 3FC2A665282B16F1006B985A /* LaunchScreen.storyboard */; };
		3FC2A66F282B186E006B985A /* MyTableViewCell.swift in Sources */ = {isa = PBXBuildFile; fileRef = 3FC2A66E282B186E006B985A /* MyTableViewCell.swift */; };
		3FC2A671282B1B3A006B985A /* Car.swift in Sources */ = {isa = PBXBuildFile; fileRef = 3FC2A670282B1B3A006B985A /* Car.swift */; };
		3FC2A673282B1C49006B985A /* CarsData.swift in Sources */ = {isa = PBXBuildFile; fileRef = 3FC2A672282B1C49006B985A /* CarsData.swift */; };
		3FC2A675282B1EC6006B985A /* InClassActivityViewController.swift in Sources */ = {isa = PBXBuildFile; fileRef = 3FC2A674282B1EC6006B985A /* InClassActivityViewController.swift */; };
/* End PBXBuildFile section */

/* Begin PBXFileReference section */
		3FC2A657282B16EF006B985A /* TableViewCustomCellsPractice.app */ = {isa = PBXFileReference; explicitFileType = wrapper.application; includeInIndex = 0; path = TableViewCustomCellsPractice.app; sourceTree = BUILT_PRODUCTS_DIR; };
		3FC2A65A282B16EF006B985A /* AppDelegate.swift */ = {isa = PBXFileReference; lastKnownFileType = sourcecode.swift; path = AppDelegate.swift; sourceTree = "<group>"; };
		3FC2A65C282B16EF006B985A /* SceneDelegate.swift */ = {isa = PBXFileReference; lastKnownFileType = sourcecode.swift; path = SceneDelegate.swift; sourceTree = "<group>"; };
		3FC2A65E282B16EF006B985A /* ViewController.swift */ = {isa = PBXFileReference; lastKnownFileType = sourcecode.swift; path = ViewController.swift; sourceTree = "<group>"; };
		3FC2A661282B16EF006B985A /* Base */ = {isa = PBXFileReference; lastKnownFileType = file.storyboard; name = Base; path = Base.lproj/Main.storyboard; sourceTree = "<group>"; };
		3FC2A663282B16F1006B985A /* Assets.xcassets */ = {isa = PBXFileReference; lastKnownFileType = folder.assetcatalog; path = Assets.xcassets; sourceTree = "<group>"; };
		3FC2A666282B16F1006B985A /* Base */ = {isa = PBXFileReference; lastKnownFileType = file.storyboard; name = Base; path = Base.lproj/LaunchScreen.storyboard; sourceTree = "<group>"; };
		3FC2A668282B16F1006B985A /* Info.plist */ = {isa = PBXFileReference; lastKnownFileType = text.plist.xml; path = Info.plist; sourceTree = "<group>"; };
		3FC2A66E282B186E006B985A /* MyTableViewCell.swift */ = {isa = PBXFileReference; lastKnownFileType = sourcecode.swift; path = MyTableViewCell.swift; sourceTree = "<group>"; };
		3FC2A670282B1B3A006B985A /* Car.swift */ = {isa = PBXFileReference; lastKnownFileType = sourcecode.swift; path = Car.swift; sourceTree = "<group>"; };
		3FC2A672282B1C49006B985A /* CarsData.swift */ = {isa = PBXFileReference; lastKnownFileType = sourcecode.swift; path = CarsData.swift; sourceTree = "<group>"; };
		3FC2A674282B1EC6006B985A /* InClassActivityViewController.swift */ = {isa = PBXFileReference; lastKnownFileType = sourcecode.swift; path = InClassActivityViewController.swift; sourceTree = "<group>"; };
/* End PBXFileReference section */

/* Begin PBXFrameworksBuildPhase section */
		3FC2A654282B16EF006B985A /* Frameworks */ = {
			isa = PBXFrameworksBuildPhase;
			buildActionMask = 2147483647;
			files = (
			);
			runOnlyForDeploymentPostprocessing = 0;
		};
/* End PBXFrameworksBuildPhase section */

/* Begin PBXGroup section */
		3FC2A64E282B16EF006B985A = {
			isa = PBXGroup;
			children = (
				3FC2A659282B16EF006B985A /* TableViewCustomCellsPractice */,
				3FC2A658282B16EF006B985A /* Products */,
			);
			sourceTree = "<group>";
		};
		3FC2A658282B16EF006B985A /* Products */ = {
			isa = PBXGroup;
			children = (
				3FC2A657282B16EF006B985A /* TableViewCustomCellsPractice.app */,
			);
			name = Products;
			sourceTree = "<group>";
		};
		3FC2A659282B16EF006B985A /* TableViewCustomCellsPractice */ = {
			isa = PBXGroup;
			children = (
				3FC2A65A282B16EF006B985A /* AppDelegate.swift */,
				3FC2A65C282B16EF006B985A /* SceneDelegate.swift */,
				3FC2A65E282B16EF006B985A /* ViewController.swift */,
				3FC2A66E282B186E006B985A /* MyTableViewCell.swift */,
				3FC2A670282B1B3A006B985A /* Car.swift */,
				3FC2A672282B1C49006B985A /* CarsData.swift */,
				3FC2A674282B1EC6006B985A /* InClassActivityViewController.swift */,
				3FC2A660282B16EF006B985A /* Main.storyboard */,
				3FC2A663282B16F1006B985A /* Assets.xcassets */,
				3FC2A665282B16F1006B985A /* LaunchScreen.storyboard */,
				3FC2A668282B16F1006B985A /* Info.plist */,
			);
			path = TableViewCustomCellsPractice;
			sourceTree = "<group>";
		};
/* End PBXGroup section */

/* Begin PBXNativeTarget section */
		3FC2A656282B16EF006B985A /* TableViewCustomCellsPractice */ = {
			isa = PBXNativeTarget;
			buildConfigurationList = 3FC2A66B282B16F1006B985A /* Build configuration list for PBXNativeTarget "TableViewCustomCellsPractice" */;
			buildPhases = (
				3FC2A653282B16EF006B985A /* Sources */,
				3FC2A654282B16EF006B985A /* Frameworks */,
				3FC2A655282B16EF006B985A /* Resources */,
			);
			buildRules = (
			);
			dependencies = (
			);
			name = TableViewCustomCellsPractice;
			productName = TableViewCustomCellsPractice;
			productReference = 3FC2A657282B16EF006B985A /* TableViewCustomCellsPractice.app */;
			productType = "com.apple.product-type.application";
		};
/* End PBXNativeTarget section */

/* Begin PBXProject section */
		3FC2A64F282B16EF006B985A /* Project object */ = {
			isa = PBXProject;
			attributes = {
				BuildIndependentTargetsInParallel = 1;
				LastSwiftUpdateCheck = 1330;
				LastUpgradeCheck = 1330;
				TargetAttributes = {
					3FC2A656282B16EF006B985A = {
						CreatedOnToolsVersion = 13.3.1;
					};
				};
			};
			buildConfigurationList = 3FC2A652282B16EF006B985A /* Build configuration list for PBXProject "TableViewCustomCellsPractice" */;
			compatibilityVersion = "Xcode 13.0";
			developmentRegion = en;
			hasScannedForEncodings = 0;
			knownRegions = (
				en,
				Base,
			);
			mainGroup = 3FC2A64E282B16EF006B985A;
			productRefGroup = 3FC2A658282B16EF006B985A /* Products */;
			projectDirPath = "";
			projectRoot = "";
			targets = (
				3FC2A656282B16EF006B985A /* TableViewCustomCellsPractice */,
			);
		};
/* End PBXProject section */

/* Begin PBXResourcesBuildPhase section */
		3FC2A655282B16EF006B985A /* Resources */ = {
			isa = PBXResourcesBuildPhase;
			buildActionMask = 2147483647;
			files = (
				3FC2A667282B16F1006B985A /* LaunchScreen.storyboard in Resources */,
				3FC2A664282B16F1006B985A /* Assets.xcassets in Resources */,
				3FC2A662282B16EF006B985A /* Main.storyboard in Resources */,
			);
			runOnlyForDeploymentPostprocessing = 0;
		};
/* End PBXResourcesBuildPhase section */

/* Begin PBXSourcesBuildPhase section */
		3FC2A653282B16EF006B985A /* Sources */ = {
			isa = PBXSourcesBuildPhase;
			buildActionMask = 2147483647;
			files = (
				3FC2A66F282B186E006B985A /* MyTableViewCell.swift in Sources */,
				3FC2A65F282B16EF006B985A /* ViewController.swift in Sources */,
				3FC2A671282B1B3A006B985A /* Car.swift in Sources */,
				3FC2A65B282B16EF006B985A /* AppDelegate.swift in Sources */,
				3FC2A673282B1C49006B985A /* CarsData.swift in Sources */,
				3FC2A675282B1EC6006B985A /* InClassActivityViewController.swift in Sources */,
				3FC2A65D282B16EF006B985A /* SceneDelegate.swift in Sources */,
			);
			runOnlyForDeploymentPostprocessing = 0;
		};
/* End PBXSourcesBuildPhase section */

/* Begin PBXVariantGroup section */
		3FC2A660282B16EF006B985A /* Main.storyboard */ = {
			isa = PBXVariantGroup;
			children = (
				3FC2A661282B16EF006B985A /* Base */,
			);
			name = Main.storyboard;
			sourceTree = "<group>";
		};
		3FC2A665282B16F1006B985A /* LaunchScreen.storyboard */ = {
			isa = PBXVariantGroup;
			children = (
				3FC2A666282B16F1006B985A /* Base */,
			);
			name = LaunchScreen.storyboard;
			sourceTree = "<group>";
		};
/* End PBXVariantGroup section */

/* Begin XCBuildConfiguration section */
		3FC2A669282B16F1006B985A /* Debug */ = {
			isa = XCBuildConfiguration;
			buildSettings = {
				ALWAYS_SEARCH_USER_PATHS = NO;
				CLANG_ANALYZER_NONNULL = YES;
				CLANG_ANALYZER_NUMBER_OBJECT_CONVERSION = YES_AGGRESSIVE;
				CLANG_CXX_LANGUAGE_STANDARD = "gnu++17";
				CLANG_ENABLE_MODULES = YES;
				CLANG_ENABLE_OBJC_ARC = YES;
				CLANG_ENABLE_OBJC_WEAK = YES;
				CLANG_WARN_BLOCK_CAPTURE_AUTORELEASING = YES;
				CLANG_WARN_BOOL_CONVERSION = YES;
				CLANG_WARN_COMMA = YES;
				CLANG_WARN_CONSTANT_CONVERSION = YES;
				CLANG_WARN_DEPRECATED_OBJC_IMPLEMENTATIONS = YES;
				CLANG_WARN_DIRECT_OBJC_ISA_USAGE = YES_ERROR;
				CLANG_WARN_DOCUMENTATION_COMMENTS = YES;
				CLANG_WARN_EMPTY_BODY = YES;
				CLANG_WARN_ENUM_CONVERSION = YES;
				CLANG_WARN_INFINITE_RECURSION = YES;
				CLANG_WARN_INT_CONVERSION = YES;
				CLANG_WARN_NON_LITERAL_NULL_CONVERSION = YES;
				CLANG_WARN_OBJC_IMPLICIT_RETAIN_SELF = YES;
				CLANG_WARN_OBJC_LITERAL_CONVERSION = YES;
				CLANG_WARN_OBJC_ROOT_CLASS = YES_ERROR;
				CLANG_WARN_QUOTED_INCLUDE_IN_FRAMEWORK_HEADER = YES;
				CLANG_WARN_RANGE_LOOP_ANALYSIS = YES;
				CLANG_WARN_STRICT_PROTOTYPES = YES;
				CLANG_WARN_SUSPICIOUS_MOVE = YES;
				CLANG_WARN_UNGUARDED_AVAILABILITY = YES_AGGRESSIVE;
				CLANG_WARN_UNREACHABLE_CODE = YES;
				CLANG_WARN__DUPLICATE_METHOD_MATCH = YES;
				COPY_PHASE_STRIP = NO;
				DEBUG_INFORMATION_FORMAT = dwarf;
				ENABLE_STRICT_OBJC_MSGSEND = YES;
				ENABLE_TESTABILITY = YES;
				GCC_C_LANGUAGE_STANDARD = gnu11;
				GCC_DYNAMIC_NO_PIC = NO;
				GCC_NO_COMMON_BLOCKS = YES;
				GCC_OPTIMIZATION_LEVEL = 0;
				GCC_PREPROCESSOR_DEFINITIONS = (
					"DEBUG=1",
					"$(inherited)",
				);
				GCC_WARN_64_TO_32_BIT_CONVERSION = YES;
				GCC_WARN_ABOUT_RETURN_TYPE = YES_ERROR;
				GCC_WARN_UNDECLARED_SELECTOR = YES;
				GCC_WARN_UNINITIALIZED_AUTOS = YES_AGGRESSIVE;
				GCC_WARN_UNUSED_FUNCTION = YES;
				GCC_WARN_UNUSED_VARIABLE = YES;
				IPHONEOS_DEPLOYMENT_TARGET = 15.4;
				MTL_ENABLE_DEBUG_INFO = INCLUDE_SOURCE;
				MTL_FAST_MATH = YES;
				ONLY_ACTIVE_ARCH = YES;
				SDKROOT = iphoneos;
				SWIFT_ACTIVE_COMPILATION_CONDITIONS = DEBUG;
				SWIFT_OPTIMIZATION_LEVEL = "-Onone";
			};
			name = Debug;
		};
		3FC2A66A282B16F1006B985A /* Release */ = {
			isa = XCBuildConfiguration;
			buildSettings = {
				ALWAYS_SEARCH_USER_PATHS = NO;
				CLANG_ANALYZER_NONNULL = YES;
				CLANG_ANALYZER_NUMBER_OBJECT_CONVERSION = YES_AGGRESSIVE;
				CLANG_CXX_LANGUAGE_STANDARD = "gnu++17";
				CLANG_ENABLE_MODULES = YES;
				CLANG_ENABLE_OBJC_ARC = YES;
				CLANG_ENABLE_OBJC_WEAK = YES;
				CLANG_WARN_BLOCK_CAPTURE_AUTORELEASING = YES;
				CLANG_WARN_BOOL_CONVERSION = YES;
				CLANG_WARN_COMMA = YES;
				CLANG_WARN_CONSTANT_CONVERSION = YES;
				CLANG_WARN_DEPRECATED_OBJC_IMPLEMENTATIONS = YES;
				CLANG_WARN_DIRECT_OBJC_ISA_USAGE = YES_ERROR;
				CLANG_WARN_DOCUMENTATION_COMMENTS = YES;
				CLANG_WARN_EMPTY_BODY = YES;
				CLANG_WARN_ENUM_CONVERSION = YES;
				CLANG_WARN_INFINITE_RECURSION = YES;
				CLANG_WARN_INT_CONVERSION = YES;
				CLANG_WARN_NON_LITERAL_NULL_CONVERSION = YES;
				CLANG_WARN_OBJC_IMPLICIT_RETAIN_SELF = YES;
				CLANG_WARN_OBJC_LITERAL_CONVERSION = YES;
				CLANG_WARN_OBJC_ROOT_CLASS = YES_ERROR;
				CLANG_WARN_QUOTED_INCLUDE_IN_FRAMEWORK_HEADER = YES;
				CLANG_WARN_RANGE_LOOP_ANALYSIS = YES;
				CLANG_WARN_STRICT_PROTOTYPES = YES;
				CLANG_WARN_SUSPICIOUS_MOVE = YES;
				CLANG_WARN_UNGUARDED_AVAILABILITY = YES_AGGRESSIVE;
				CLANG_WARN_UNREACHABLE_CODE = YES;
				CLANG_WARN__DUPLICATE_METHOD_MATCH = YES;
				COPY_PHASE_STRIP = NO;
				DEBUG_INFORMATION_FORMAT = "dwarf-with-dsym";
				ENABLE_NS_ASSERTIONS = NO;
				ENABLE_STRICT_OBJC_MSGSEND = YES;
				GCC_C_LANGUAGE_STANDARD = gnu11;
				GCC_NO_COMMON_BLOCKS = YES;
				GCC_WARN_64_TO_32_BIT_CONVERSION = YES;
				GCC_WARN_ABOUT_RETURN_TYPE = YES_ERROR;
				GCC_WARN_UNDECLARED_SELECTOR = YES;
				GCC_WARN_UNINITIALIZED_AUTOS = YES_AGGRESSIVE;
				GCC_WARN_UNUSED_FUNCTION = YES;
				GCC_WARN_UNUSED_VARIABLE = YES;
				IPHONEOS_DEPLOYMENT_TARGET = 15.4;
				MTL_ENABLE_DEBUG_INFO = NO;
				MTL_FAST_MATH = YES;
				SDKROOT = iphoneos;
				SWIFT_COMPILATION_MODE = wholemodule;
				SWIFT_OPTIMIZATION_LEVEL = "-O";
				VALIDATE_PRODUCT = YES;
			};
			name = Release;
		};
		3FC2A66C282B16F1006B985A /* Debug */ = {
			isa = XCBuildConfiguration;
			buildSettings = {
				ASSETCATALOG_COMPILER_APPICON_NAME = AppIcon;
				ASSETCATALOG_COMPILER_GLOBAL_ACCENT_COLOR_NAME = AccentColor;
				CODE_SIGN_STYLE = Automatic;
				CURRENT_PROJECT_VERSION = 1;
				GENERATE_INFOPLIST_FILE = YES;
				INFOPLIST_FILE = TableViewCustomCellsPractice/Info.plist;
				INFOPLIST_KEY_UIApplicationSupportsIndirectInputEvents = YES;
				INFOPLIST_KEY_UILaunchStoryboardName = LaunchScreen;
				INFOPLIST_KEY_UIMainStoryboardFile = Main;
				INFOPLIST_KEY_UISupportedInterfaceOrientations_iPad = "UIInterfaceOrientationPortrait UIInterfaceOrientationPortraitUpsideDown UIInterfaceOrientationLandscapeLeft UIInterfaceOrientationLandscapeRight";
				INFOPLIST_KEY_UISupportedInterfaceOrientations_iPhone = "UIInterfaceOrientationPortrait UIInterfaceOrientationLandscapeLeft UIInterfaceOrientationLandscapeRight";
				LD_RUNPATH_SEARCH_PATHS = (
					"$(inherited)",
					"@executable_path/Frameworks",
				);
				MARKETING_VERSION = 1.0;
				PRODUCT_BUNDLE_IDENTIFIER = com.haythamodeh.TableViewCustomCellsPractice;
				PRODUCT_NAME = "$(TARGET_NAME)";
				SWIFT_EMIT_LOC_STRINGS = YES;
				SWIFT_VERSION = 5.0;
				TARGETED_DEVICE_FAMILY = "1,2";
			};
			name = Debug;
		};
		3FC2A66D282B16F1006B985A /* Release */ = {
			isa = XCBuildConfiguration;
			buildSettings = {
				ASSETCATALOG_COMPILER_APPICON_NAME = AppIcon;
				ASSETCATALOG_COMPILER_GLOBAL_ACCENT_COLOR_NAME = AccentColor;
				CODE_SIGN_STYLE = Automatic;
				CURRENT_PROJECT_VERSION = 1;
				GENERATE_INFOPLIST_FILE = YES;
				INFOPLIST_FILE = TableViewCustomCellsPractice/Info.plist;
				INFOPLIST_KEY_UIApplicationSupportsIndirectInputEvents = YES;
				INFOPLIST_KEY_UILaunchStoryboardName = LaunchScreen;
				INFOPLIST_KEY_UIMainStoryboardFile = Main;
				INFOPLIST_KEY_UISupportedInterfaceOrientations_iPad = "UIInterfaceOrientationPortrait UIInterfaceOrientationPortraitUpsideDown UIInterfaceOrientationLandscapeLeft UIInterfaceOrientationLandscapeRight";
				INFOPLIST_KEY_UISupportedInterfaceOrientations_iPhone = "UIInterfaceOrientationPortrait UIInterfaceOrientationLandscapeLeft UIInterfaceOrientationLandscapeRight";
				LD_RUNPATH_SEARCH_PATHS = (
					"$(inherited)",
					"@executable_path/Frameworks",
				);
				MARKETING_VERSION = 1.0;
				PRODUCT_BUNDLE_IDENTIFIER = com.haythamodeh.TableViewCustomCellsPractice;
				PRODUCT_NAME = "$(TARGET_NAME)";
				SWIFT_EMIT_LOC_STRINGS = YES;
				SWIFT_VERSION = 5.0;
				TARGETED_DEVICE_FAMILY = "1,2";
			};
			name = Release;
		};
/* End XCBuildConfiguration section */

/* Begin XCConfigurationList section */
		3FC2A652282B16EF006B985A /* Build configuration list for PBXProject "TableViewCustomCellsPractice" */ = {
			isa = XCConfigurationList;
			buildConfigurations = (
				3FC2A669282B16F1006B985A /* Debug */,
				3FC2A66A282B16F1006B985A /* Release */,
			);
			defaultConfigurationIsVisible = 0;
			defaultConfigurationName = Release;
		};
		3FC2A66B282B16F1006B985A /* Build configuration list for PBXNativeTarget "TableViewCustomCellsPractice" */ = {
			isa = XCConfigurationList;
			buildConfigurations = (
				3FC2A66C282B16F1006B985A /* Debug */,
				3FC2A66D282B16F1006B985A /* Release */,
			);
			defaultConfigurationIsVisible = 0;
			defaultConfigurationName = Release;
		};
/* End XCConfigurationList section */
	};
	rootObject = 3FC2A64F282B16EF006B985A /* Project object */;
}
